
Microsoft Visual Studio Solution File, Format Version 12.00
# Visual Studio Version 16
VisualStudioVersion = 16.0.31424.327
MinimumVisualStudioVersion = 10.0.40219.1
Project("{9A19103F-16F7-4668-BE54-9A1E7A4F7556}") = "HelloSoftuni", "HelloSoftuni\HelloSoftuni.csproj", "{72D68FA4-8C1F-4E21-978D-89EBCC1A00B4}"
EndProject
Project("{9A19103F-16F7-4668-BE54-9A1E7A4F7556}") = "Expression", "Expression\Expression.csproj", "{C6423DCA-18DB-4B3B-929F-3E32D322FAFF}"
EndProject
Project("{9A19103F-16F7-4668-BE54-9A1E7A4F7556}") = "Nums1To20", "Nums1To20\Nums1To20.csproj", "{FE86BED0-3D54-4518-AEA6-9C52EFD80CB7}"
EndProject
Project("{9A19103F-16F7-4668-BE54-9A1E7A4F7556}") = "TriangleOf55Stars", "TriangleOf55Stars\TriangleOf55Stars.csproj", "{6B9DD517-8585-4942-87A4-92AFFAE228A0}"
EndProject
Project("{9A19103F-16F7-4668-BE54-9A1E7A4F7556}") = "RectArea", "RectArea\RectArea.csproj", "{429A3A85-2227-4DDE-821B-46BAB2D1F5BC}"
EndProject
Project("{FAE04EC0-301F-11D3-BF4B-00C04F79EFBC}") = "StarSquare", "StarSquare\StarSquare.csproj", "{816E6212-37C3-4E0D-8798-CE93F84468AB}"
EndProject
Project("{FAE04EC0-301F-11D3-BF4B-00C04F79EFBC}") = "Sumator", "Sumator\Sumator.csproj", "{7BFFCD70-F4D3-40AA-9073-8BD9A52D742D}"
EndProject
Project("{FAE04EC0-301F-11D3-BF4B-00C04F79EFBC}") = "SumatorWebApp", "SumatorWebApp\SumatorWebApp.csproj", "{8A894A3D-9C2E-45B7-BF3B-3F958DC20FE3}"
EndProject
Global
	GlobalSection(SolutionConfigurationPlatforms) = preSolution
		Debug|Any CPU = Debug|Any CPU
		Release|Any CPU = Release|Any CPU
	EndGlobalSection
	GlobalSection(ProjectConfigurationPlatforms) = postSolution
		{72D68FA4-8C1F-4E21-978D-89EBCC1A00B4}.Debug|Any CPU.ActiveCfg = Debug|Any CPU
		{72D68FA4-8C1F-4E21-978D-89EBCC1A00B4}.Debug|Any CPU.Build.0 = Debug|Any CPU
		{72D68FA4-8C1F-4E21-978D-89EBCC1A00B4}.Release|Any CPU.ActiveCfg = Release|Any CPU
		{72D68FA4-8C1F-4E21-978D-89EBCC1A00B4}.Release|Any CPU.Build.0 = Release|Any CPU
		{C6423DCA-18DB-4B3B-929F-3E32D322FAFF}.Debug|Any CPU.ActiveCfg = Debug|Any CPU
		{C6423DCA-18DB-4B3B-929F-3E32D322FAFF}.Debug|Any CPU.Build.0 = Debug|Any CPU
		{C6423DCA-18DB-4B3B-929F-3E32D322FAFF}.Release|Any CPU.ActiveCfg = Release|Any CPU
		{C6423DCA-18DB-4B3B-929F-3E32D322FAFF}.Release|Any CPU.Build.0 = Release|Any CPU
		{FE86BED0-3D54-4518-AEA6-9C52EFD80CB7}.Debug|Any CPU.ActiveCfg = Debug|Any CPU
		{FE86BED0-3D54-4518-AEA6-9C52EFD80CB7}.Debug|Any CPU.Build.0 = Debug|Any CPU
		{FE86BED0-3D54-4518-AEA6-9C52EFD80CB7}.Release|Any CPU.ActiveCfg = Release|Any CPU
		{FE86BED0-3D54-4518-AEA6-9C52EFD80CB7}.Release|Any CPU.Build.0 = Release|Any CPU
		{6B9DD517-8585-4942-87A4-92AFFAE228A0}.Debug|Any CPU.ActiveCfg = Debug|Any CPU
		{6B9DD517-8585-4942-87A4-92AFFAE228A0}.Debug|Any CPU.Build.0 = Debug|Any CPU
		{6B9DD517-8585-4942-87A4-92AFFAE228A0}.Release|Any CPU.ActiveCfg = Release|Any CPU
		{6B9DD517-8585-4942-87A4-92AFFAE228A0}.Release|Any CPU.Build.0 = Release|Any CPU
		{429A3A85-2227-4DDE-821B-46BAB2D1F5BC}.Debug|Any CPU.ActiveCfg = Debug|Any CPU
		{429A3A85-2227-4DDE-821B-46BAB2D1F5BC}.Debug|Any CPU.Build.0 = Debug|Any CPU
		{429A3A85-2227-4DDE-821B-46BAB2D1F5BC}.Release|Any CPU.ActiveCfg = Release|Any CPU
		{429A3A85-2227-4DDE-821B-46BAB2D1F5BC}.Release|Any CPU.Build.0 = Release|Any CPU
		{816E6212-37C3-4E0D-8798-CE93F84468AB}.Debug|Any CPU.ActiveCfg = Debug|Any CPU
		{816E6212-37C3-4E0D-8798-CE93F84468AB}.Debug|Any CPU.Build.0 = Debug|Any CPU
		{816E6212-37C3-4E0D-8798-CE93F84468AB}.Release|Any CPU.ActiveCfg = Release|Any CPU
		{816E6212-37C3-4E0D-8798-CE93F84468AB}.Release|Any CPU.Build.0 = Release|Any CPU
		{7BFFCD70-F4D3-40AA-9073-8BD9A52D742D}.Debug|Any CPU.ActiveCfg = Debug|Any CPU
		{7BFFCD70-F4D3-40AA-9073-8BD9A52D742D}.Debug|Any CPU.Build.0 = Debug|Any CPU
		{7BFFCD70-F4D3-40AA-9073-8BD9A52D742D}.Release|Any CPU.ActiveCfg = Release|Any CPU
		{7BFFCD70-F4D3-40AA-9073-8BD9A52D742D}.Release|Any CPU.Build.0 = Release|Any CPU
		{8A894A3D-9C2E-45B7-BF3B-3F958DC20FE3}.Debug|Any CPU.ActiveCfg = Debug|Any CPU
		{8A894A3D-9C2E-45B7-BF3B-3F958DC20FE3}.Debug|Any CPU.Build.0 = Debug|Any CPU
		{8A894A3D-9C2E-45B7-BF3B-3F958DC20FE3}.Release|Any CPU.ActiveCfg = Release|Any CPU
		{8A894A3D-9C2E-45B7-BF3B-3F958DC20FE3}.Release|Any CPU.Build.0 = Release|Any CPU
	EndGlobalSection
	GlobalSection(SolutionProperties) = preSolution
		HideSolutionNode = FALSE
	EndGlobalSection
	GlobalSection(ExtensibilityGlobals) = postSolution
		SolutionGuid = {5F09730F-933C-4079-9E5B-FC075CDECD19}
	EndGlobalSection
EndGlobal
