
Microsoft Visual Studio Solution File, Format Version 12.00
# Visual Studio Version 16
VisualStudioVersion = 16.0.31424.327
MinimumVisualStudioVersion = 10.0.40219.1
Project("{FAE04EC0-301F-11D3-BF4B-00C04F79EFBC}") = "CalculatingSeconds", "CalculatingSeconds\CalculatingSeconds.csproj", "{9ADCC61B-14A0-44B4-9E06-1618EB95EC01}"
EndProject
Project("{FAE04EC0-301F-11D3-BF4B-00C04F79EFBC}") = "BonusPoints", "BonusPoints\BonusPoints.csproj", "{5E06DA5A-13B4-4737-8970-793CBF97C537}"
EndProject
Project("{FAE04EC0-301F-11D3-BF4B-00C04F79EFBC}") = "SpeedInfo", "SpeedInfo\SpeedInfo.csproj", "{70C4DB7B-BE6A-46B0-B9D2-4D88F4E92AE6}"
EndProject
Project("{FAE04EC0-301F-11D3-BF4B-00C04F79EFBC}") = "UnitConverter", "UnitConverter\UnitConverter.csproj", "{5CA253C6-4B50-4B49-AEFE-19554EE5EE2B}"
EndProject
Project("{FAE04EC0-301F-11D3-BF4B-00C04F79EFBC}") = "TimePlus15m", "TimePlus15m\TimePlus15m.csproj", "{1A546AEF-6ECD-4822-A9D9-666C11F83C0E}"
EndProject
Project("{FAE04EC0-301F-11D3-BF4B-00C04F79EFBC}") = "ThreeBrothers", "ThreeBrothers\ThreeBrothers.csproj", "{48D88DA6-72B2-4812-B57F-E595C82819F2}"
EndProject
Project("{FAE04EC0-301F-11D3-BF4B-00C04F79EFBC}") = "Scholarships", "Scholarships\Scholarships.csproj", "{5ADE0957-8CFB-46A5-AE67-525BF8BFBBD9}"
EndProject
Project("{FAE04EC0-301F-11D3-BF4B-00C04F79EFBC}") = "Choreography", "Choreography\Choreography.csproj", "{3B8220BE-9EBD-4FBD-B908-281B249A5299}"
EndProject
Global
	GlobalSection(SolutionConfigurationPlatforms) = preSolution
		Debug|Any CPU = Debug|Any CPU
		Release|Any CPU = Release|Any CPU
	EndGlobalSection
	GlobalSection(ProjectConfigurationPlatforms) = postSolution
		{9ADCC61B-14A0-44B4-9E06-1618EB95EC01}.Debug|Any CPU.ActiveCfg = Debug|Any CPU
		{9ADCC61B-14A0-44B4-9E06-1618EB95EC01}.Debug|Any CPU.Build.0 = Debug|Any CPU
		{9ADCC61B-14A0-44B4-9E06-1618EB95EC01}.Release|Any CPU.ActiveCfg = Release|Any CPU
		{9ADCC61B-14A0-44B4-9E06-1618EB95EC01}.Release|Any CPU.Build.0 = Release|Any CPU
		{5E06DA5A-13B4-4737-8970-793CBF97C537}.Debug|Any CPU.ActiveCfg = Debug|Any CPU
		{5E06DA5A-13B4-4737-8970-793CBF97C537}.Debug|Any CPU.Build.0 = Debug|Any CPU
		{5E06DA5A-13B4-4737-8970-793CBF97C537}.Release|Any CPU.ActiveCfg = Release|Any CPU
		{5E06DA5A-13B4-4737-8970-793CBF97C537}.Release|Any CPU.Build.0 = Release|Any CPU
		{70C4DB7B-BE6A-46B0-B9D2-4D88F4E92AE6}.Debug|Any CPU.ActiveCfg = Debug|Any CPU
		{70C4DB7B-BE6A-46B0-B9D2-4D88F4E92AE6}.Debug|Any CPU.Build.0 = Debug|Any CPU
		{70C4DB7B-BE6A-46B0-B9D2-4D88F4E92AE6}.Release|Any CPU.ActiveCfg = Release|Any CPU
		{70C4DB7B-BE6A-46B0-B9D2-4D88F4E92AE6}.Release|Any CPU.Build.0 = Release|Any CPU
		{5CA253C6-4B50-4B49-AEFE-19554EE5EE2B}.Debug|Any CPU.ActiveCfg = Debug|Any CPU
		{5CA253C6-4B50-4B49-AEFE-19554EE5EE2B}.Debug|Any CPU.Build.0 = Debug|Any CPU
		{5CA253C6-4B50-4B49-AEFE-19554EE5EE2B}.Release|Any CPU.ActiveCfg = Release|Any CPU
		{5CA253C6-4B50-4B49-AEFE-19554EE5EE2B}.Release|Any CPU.Build.0 = Release|Any CPU
		{1A546AEF-6ECD-4822-A9D9-666C11F83C0E}.Debug|Any CPU.ActiveCfg = Debug|Any CPU
		{1A546AEF-6ECD-4822-A9D9-666C11F83C0E}.Debug|Any CPU.Build.0 = Debug|Any CPU
		{1A546AEF-6ECD-4822-A9D9-666C11F83C0E}.Release|Any CPU.ActiveCfg = Release|Any CPU
		{1A546AEF-6ECD-4822-A9D9-666C11F83C0E}.Release|Any CPU.Build.0 = Release|Any CPU
		{48D88DA6-72B2-4812-B57F-E595C82819F2}.Debug|Any CPU.ActiveCfg = Debug|Any CPU
		{48D88DA6-72B2-4812-B57F-E595C82819F2}.Debug|Any CPU.Build.0 = Debug|Any CPU
		{48D88DA6-72B2-4812-B57F-E595C82819F2}.Release|Any CPU.ActiveCfg = Release|Any CPU
		{48D88DA6-72B2-4812-B57F-E595C82819F2}.Release|Any CPU.Build.0 = Release|Any CPU
		{5ADE0957-8CFB-46A5-AE67-525BF8BFBBD9}.Debug|Any CPU.ActiveCfg = Debug|Any CPU
		{5ADE0957-8CFB-46A5-AE67-525BF8BFBBD9}.Debug|Any CPU.Build.0 = Debug|Any CPU
		{5ADE0957-8CFB-46A5-AE67-525BF8BFBBD9}.Release|Any CPU.ActiveCfg = Release|Any CPU
		{5ADE0957-8CFB-46A5-AE67-525BF8BFBBD9}.Release|Any CPU.Build.0 = Release|Any CPU
		{3B8220BE-9EBD-4FBD-B908-281B249A5299}.Debug|Any CPU.ActiveCfg = Debug|Any CPU
		{3B8220BE-9EBD-4FBD-B908-281B249A5299}.Debug|Any CPU.Build.0 = Debug|Any CPU
		{3B8220BE-9EBD-4FBD-B908-281B249A5299}.Release|Any CPU.ActiveCfg = Release|Any CPU
		{3B8220BE-9EBD-4FBD-B908-281B249A5299}.Release|Any CPU.Build.0 = Release|Any CPU
	EndGlobalSection
	GlobalSection(SolutionProperties) = preSolution
		HideSolutionNode = FALSE
	EndGlobalSection
	GlobalSection(ExtensibilityGlobals) = postSolution
		SolutionGuid = {829B946F-DC49-44CC-8019-B5C3CEAEF9F1}
	EndGlobalSection
EndGlobal
