
Microsoft Visual Studio Solution File, Format Version 12.00
# Visual Studio Version 16
VisualStudioVersion = 16.0.31424.327
MinimumVisualStudioVersion = 10.0.40219.1
Project("{FAE04EC0-301F-11D3-BF4B-00C04F79EFBC}") = "PointOnARectangle", "PointOnARectangle\PointOnARectangle.csproj", "{F0E4CD24-6940-48EB-992C-C8039230BC5B}"
EndProject
Project("{FAE04EC0-301F-11D3-BF4B-00C04F79EFBC}") = "Cinema", "Cinema\Cinema.csproj", "{69057343-1F10-4816-804A-E7EED64DA448}"
EndProject
Project("{FAE04EC0-301F-11D3-BF4B-00C04F79EFBC}") = "Volleyball", "Volleyball\Volleyball.csproj", "{28A91500-E807-4216-A683-B972207A64F3}"
EndProject
Project("{FAE04EC0-301F-11D3-BF4B-00C04F79EFBC}") = "SummerOutfit", "SummerOutfit\SummerOutfit.csproj", "{91143EE3-4A06-4C8F-B846-C9055F52F4BF}"
EndProject
Project("{FAE04EC0-301F-11D3-BF4B-00C04F79EFBC}") = "NewHouse", "NewHouse\NewHouse.csproj", "{565EFDD1-A03D-48FA-99C9-94B2932CA8F5}"
EndProject
Project("{FAE04EC0-301F-11D3-BF4B-00C04F79EFBC}") = "FishingBoat", "FishingBoat\FishingBoat.csproj", "{E669E242-6B23-4E88-B586-23A7702AA761}"
EndProject
Project("{FAE04EC0-301F-11D3-BF4B-00C04F79EFBC}") = "ExamOnTime", "ExamOnTime\ExamOnTime.csproj", "{997DB6A0-BD16-45D8-B42D-35CFECFFE7BF}"
EndProject
Project("{FAE04EC0-301F-11D3-BF4B-00C04F79EFBC}") = "Journey", "Journey\Journey.csproj", "{ACB2C9B0-145F-4EB7-A62F-E5FAE28E471D}"
EndProject
Project("{FAE04EC0-301F-11D3-BF4B-00C04F79EFBC}") = "OperationsBetweenNumbers", "OperationsBetweenNumbers\OperationsBetweenNumbers.csproj", "{0B3A3FE2-F828-42FB-BACC-963C52A66603}"
EndProject
Global
	GlobalSection(SolutionConfigurationPlatforms) = preSolution
		Debug|Any CPU = Debug|Any CPU
		Release|Any CPU = Release|Any CPU
	EndGlobalSection
	GlobalSection(ProjectConfigurationPlatforms) = postSolution
		{F0E4CD24-6940-48EB-992C-C8039230BC5B}.Debug|Any CPU.ActiveCfg = Debug|Any CPU
		{F0E4CD24-6940-48EB-992C-C8039230BC5B}.Debug|Any CPU.Build.0 = Debug|Any CPU
		{F0E4CD24-6940-48EB-992C-C8039230BC5B}.Release|Any CPU.ActiveCfg = Release|Any CPU
		{F0E4CD24-6940-48EB-992C-C8039230BC5B}.Release|Any CPU.Build.0 = Release|Any CPU
		{69057343-1F10-4816-804A-E7EED64DA448}.Debug|Any CPU.ActiveCfg = Debug|Any CPU
		{69057343-1F10-4816-804A-E7EED64DA448}.Debug|Any CPU.Build.0 = Debug|Any CPU
		{69057343-1F10-4816-804A-E7EED64DA448}.Release|Any CPU.ActiveCfg = Release|Any CPU
		{69057343-1F10-4816-804A-E7EED64DA448}.Release|Any CPU.Build.0 = Release|Any CPU
		{28A91500-E807-4216-A683-B972207A64F3}.Debug|Any CPU.ActiveCfg = Debug|Any CPU
		{28A91500-E807-4216-A683-B972207A64F3}.Debug|Any CPU.Build.0 = Debug|Any CPU
		{28A91500-E807-4216-A683-B972207A64F3}.Release|Any CPU.ActiveCfg = Release|Any CPU
		{28A91500-E807-4216-A683-B972207A64F3}.Release|Any CPU.Build.0 = Release|Any CPU
		{91143EE3-4A06-4C8F-B846-C9055F52F4BF}.Debug|Any CPU.ActiveCfg = Debug|Any CPU
		{91143EE3-4A06-4C8F-B846-C9055F52F4BF}.Debug|Any CPU.Build.0 = Debug|Any CPU
		{91143EE3-4A06-4C8F-B846-C9055F52F4BF}.Release|Any CPU.ActiveCfg = Release|Any CPU
		{91143EE3-4A06-4C8F-B846-C9055F52F4BF}.Release|Any CPU.Build.0 = Release|Any CPU
		{565EFDD1-A03D-48FA-99C9-94B2932CA8F5}.Debug|Any CPU.ActiveCfg = Debug|Any CPU
		{565EFDD1-A03D-48FA-99C9-94B2932CA8F5}.Debug|Any CPU.Build.0 = Debug|Any CPU
		{565EFDD1-A03D-48FA-99C9-94B2932CA8F5}.Release|Any CPU.ActiveCfg = Release|Any CPU
		{565EFDD1-A03D-48FA-99C9-94B2932CA8F5}.Release|Any CPU.Build.0 = Release|Any CPU
		{E669E242-6B23-4E88-B586-23A7702AA761}.Debug|Any CPU.ActiveCfg = Debug|Any CPU
		{E669E242-6B23-4E88-B586-23A7702AA761}.Debug|Any CPU.Build.0 = Debug|Any CPU
		{E669E242-6B23-4E88-B586-23A7702AA761}.Release|Any CPU.ActiveCfg = Release|Any CPU
		{E669E242-6B23-4E88-B586-23A7702AA761}.Release|Any CPU.Build.0 = Release|Any CPU
		{997DB6A0-BD16-45D8-B42D-35CFECFFE7BF}.Debug|Any CPU.ActiveCfg = Debug|Any CPU
		{997DB6A0-BD16-45D8-B42D-35CFECFFE7BF}.Debug|Any CPU.Build.0 = Debug|Any CPU
		{997DB6A0-BD16-45D8-B42D-35CFECFFE7BF}.Release|Any CPU.ActiveCfg = Release|Any CPU
		{997DB6A0-BD16-45D8-B42D-35CFECFFE7BF}.Release|Any CPU.Build.0 = Release|Any CPU
		{ACB2C9B0-145F-4EB7-A62F-E5FAE28E471D}.Debug|Any CPU.ActiveCfg = Debug|Any CPU
		{ACB2C9B0-145F-4EB7-A62F-E5FAE28E471D}.Debug|Any CPU.Build.0 = Debug|Any CPU
		{ACB2C9B0-145F-4EB7-A62F-E5FAE28E471D}.Release|Any CPU.ActiveCfg = Release|Any CPU
		{ACB2C9B0-145F-4EB7-A62F-E5FAE28E471D}.Release|Any CPU.Build.0 = Release|Any CPU
		{0B3A3FE2-F828-42FB-BACC-963C52A66603}.Debug|Any CPU.ActiveCfg = Debug|Any CPU
		{0B3A3FE2-F828-42FB-BACC-963C52A66603}.Debug|Any CPU.Build.0 = Debug|Any CPU
		{0B3A3FE2-F828-42FB-BACC-963C52A66603}.Release|Any CPU.ActiveCfg = Release|Any CPU
		{0B3A3FE2-F828-42FB-BACC-963C52A66603}.Release|Any CPU.Build.0 = Release|Any CPU
	EndGlobalSection
	GlobalSection(SolutionProperties) = preSolution
		HideSolutionNode = FALSE
	EndGlobalSection
	GlobalSection(ExtensibilityGlobals) = postSolution
		SolutionGuid = {46D99467-F637-43EF-9F4A-E8B76680435A}
	EndGlobalSection
EndGlobal
