
Microsoft Visual Studio Solution File, Format Version 12.00
# Visual Studio 15
VisualStudioVersion = 15.0.28307.489
MinimumVisualStudioVersion = 10.0.40219.1
Project("{9A19103F-16F7-4668-BE54-9A1E7A4F7556}") = "Basic Stack Operations", "Basic Stack Operations\Basic Stack Operations.csproj", "{C704D3B8-18F2-4A35-A19F-8AF196F1C41B}"
EndProject
Project("{9A19103F-16F7-4668-BE54-9A1E7A4F7556}") = "Basic queue operations", "Basic queue operations\Basic queue operations.csproj", "{8B82F743-181C-4299-A7FA-BB93726A525F}"
EndProject
Project("{FAE04EC0-301F-11D3-BF4B-00C04F79EFBC}") = "Maximum and Minimum Element", "Maximum and Minimum Element\Maximum and Minimum Element.csproj", "{036C4995-E2F2-4AD0-837C-85F5C8240C90}"
EndProject
Project("{FAE04EC0-301F-11D3-BF4B-00C04F79EFBC}") = "Fast Food", "Fast Food\Fast Food.csproj", "{B2CC42B0-2C78-47C8-85E6-23041C52174B}"
EndProject
Global
	GlobalSection(SolutionConfigurationPlatforms) = preSolution
		Debug|Any CPU = Debug|Any CPU
		Release|Any CPU = Release|Any CPU
	EndGlobalSection
	GlobalSection(ProjectConfigurationPlatforms) = postSolution
		{C704D3B8-18F2-4A35-A19F-8AF196F1C41B}.Debug|Any CPU.ActiveCfg = Debug|Any CPU
		{C704D3B8-18F2-4A35-A19F-8AF196F1C41B}.Debug|Any CPU.Build.0 = Debug|Any CPU
		{C704D3B8-18F2-4A35-A19F-8AF196F1C41B}.Release|Any CPU.ActiveCfg = Release|Any CPU
		{C704D3B8-18F2-4A35-A19F-8AF196F1C41B}.Release|Any CPU.Build.0 = Release|Any CPU
		{8B82F743-181C-4299-A7FA-BB93726A525F}.Debug|Any CPU.ActiveCfg = Debug|Any CPU
		{8B82F743-181C-4299-A7FA-BB93726A525F}.Debug|Any CPU.Build.0 = Debug|Any CPU
		{8B82F743-181C-4299-A7FA-BB93726A525F}.Release|Any CPU.ActiveCfg = Release|Any CPU
		{8B82F743-181C-4299-A7FA-BB93726A525F}.Release|Any CPU.Build.0 = Release|Any CPU
		{036C4995-E2F2-4AD0-837C-85F5C8240C90}.Debug|Any CPU.ActiveCfg = Debug|Any CPU
		{036C4995-E2F2-4AD0-837C-85F5C8240C90}.Debug|Any CPU.Build.0 = Debug|Any CPU
		{036C4995-E2F2-4AD0-837C-85F5C8240C90}.Release|Any CPU.ActiveCfg = Release|Any CPU
		{036C4995-E2F2-4AD0-837C-85F5C8240C90}.Release|Any CPU.Build.0 = Release|Any CPU
		{B2CC42B0-2C78-47C8-85E6-23041C52174B}.Debug|Any CPU.ActiveCfg = Debug|Any CPU
		{B2CC42B0-2C78-47C8-85E6-23041C52174B}.Debug|Any CPU.Build.0 = Debug|Any CPU
		{B2CC42B0-2C78-47C8-85E6-23041C52174B}.Release|Any CPU.ActiveCfg = Release|Any CPU
		{B2CC42B0-2C78-47C8-85E6-23041C52174B}.Release|Any CPU.Build.0 = Release|Any CPU
	EndGlobalSection
	GlobalSection(SolutionProperties) = preSolution
		HideSolutionNode = FALSE
	EndGlobalSection
	GlobalSection(ExtensibilityGlobals) = postSolution
		SolutionGuid = {F9C5C2FA-42BB-4FDB-9F4A-2119A0049842}
	EndGlobalSection
EndGlobal
