
Microsoft Visual Studio Solution File, Format Version 12.00
# Visual Studio 14
VisualStudioVersion = 14.0.25420.1
MinimumVisualStudioVersion = 10.0.40219.1
Project("{FAE04EC0-301F-11D3-BF4B-00C04F79EFBC}") = "L2-proj4-greeting", "L2-proj4-greeting\L2-proj4-greeting.csproj", "{A775E991-4A85-4480-9875-51B93B67F878}"
EndProject
Global
	GlobalSection(SolutionConfigurationPlatforms) = preSolution
		Debug|Any CPU = Debug|Any CPU
		Release|Any CPU = Release|Any CPU
	EndGlobalSection
	GlobalSection(ProjectConfigurationPlatforms) = postSolution
		{A775E991-4A85-4480-9875-51B93B67F878}.Debug|Any CPU.ActiveCfg = Debug|Any CPU
		{A775E991-4A85-4480-9875-51B93B67F878}.Debug|Any CPU.Build.0 = Debug|Any CPU
		{A775E991-4A85-4480-9875-51B93B67F878}.Release|Any CPU.ActiveCfg = Release|Any CPU
		{A775E991-4A85-4480-9875-51B93B67F878}.Release|Any CPU.Build.0 = Release|Any CPU
	EndGlobalSection
	GlobalSection(SolutionProperties) = preSolution
		HideSolutionNode = FALSE
	EndGlobalSection
EndGlobal
