
Microsoft Visual Studio Solution File, Format Version 12.00
# Visual Studio 15
VisualStudioVersion = 15.0.28307.489
MinimumVisualStudioVersion = 10.0.40219.1
Project("{FAE04EC0-301F-11D3-BF4B-00C04F79EFBC}") = "Dict", "Dict\Dict.csproj", "{649A04BF-9A71-4422-9C10-4B2A5AC281FE}"
EndProject
Project("{FAE04EC0-301F-11D3-BF4B-00C04F79EFBC}") = "decipher", "decipher\decipher.csproj", "{3B47CD17-D2A9-4734-9AB2-286299B762DF}"
EndProject
Global
	GlobalSection(SolutionConfigurationPlatforms) = preSolution
		Debug|Any CPU = Debug|Any CPU
		Release|Any CPU = Release|Any CPU
	EndGlobalSection
	GlobalSection(ProjectConfigurationPlatforms) = postSolution
		{649A04BF-9A71-4422-9C10-4B2A5AC281FE}.Debug|Any CPU.ActiveCfg = Debug|Any CPU
		{649A04BF-9A71-4422-9C10-4B2A5AC281FE}.Debug|Any CPU.Build.0 = Debug|Any CPU
		{649A04BF-9A71-4422-9C10-4B2A5AC281FE}.Release|Any CPU.ActiveCfg = Release|Any CPU
		{649A04BF-9A71-4422-9C10-4B2A5AC281FE}.Release|Any CPU.Build.0 = Release|Any CPU
		{3B47CD17-D2A9-4734-9AB2-286299B762DF}.Debug|Any CPU.ActiveCfg = Debug|Any CPU
		{3B47CD17-D2A9-4734-9AB2-286299B762DF}.Debug|Any CPU.Build.0 = Debug|Any CPU
		{3B47CD17-D2A9-4734-9AB2-286299B762DF}.Release|Any CPU.ActiveCfg = Release|Any CPU
		{3B47CD17-D2A9-4734-9AB2-286299B762DF}.Release|Any CPU.Build.0 = Release|Any CPU
	EndGlobalSection
	GlobalSection(SolutionProperties) = preSolution
		HideSolutionNode = FALSE
	EndGlobalSection
	GlobalSection(ExtensibilityGlobals) = postSolution
		SolutionGuid = {1A107784-7EE5-4872-9F91-905B268CD258}
	EndGlobalSection
EndGlobal
